
Microsoft Visual Studio Solution File, Format Version 12.00
# Visual Studio Version 16
VisualStudioVersion = 16.0.30907.101
MinimumVisualStudioVersion = 10.0.40219.1
Project("{9A19103F-16F7-4668-BE54-9A1E7A4F7556}") = "Calculator.API", "Calculator.API\Calculator.API.csproj", "{5120B0C7-C2DE-4663-A06C-E756A45C4A0B}"
EndProject
Project("{FAE04EC0-301F-11D3-BF4B-00C04F79EFBC}") = "Calculator.Tests", "Calculator.Tests\Calculator.Tests.csproj", "{422A144C-075B-48C9-ABD7-5DA2FD8EEB95}"
EndProject
Global
	GlobalSection(SolutionConfigurationPlatforms) = preSolution
		Debug|Any CPU = Debug|Any CPU
		Release|Any CPU = Release|Any CPU
	EndGlobalSection
	GlobalSection(ProjectConfigurationPlatforms) = postSolution
		{5120B0C7-C2DE-4663-A06C-E756A45C4A0B}.Debug|Any CPU.ActiveCfg = Debug|Any CPU
		{5120B0C7-C2DE-4663-A06C-E756A45C4A0B}.Debug|Any CPU.Build.0 = Debug|Any CPU
		{5120B0C7-C2DE-4663-A06C-E756A45C4A0B}.Release|Any CPU.ActiveCfg = Release|Any CPU
		{5120B0C7-C2DE-4663-A06C-E756A45C4A0B}.Release|Any CPU.Build.0 = Release|Any CPU
		{422A144C-075B-48C9-ABD7-5DA2FD8EEB95}.Debug|Any CPU.ActiveCfg = Debug|Any CPU
		{422A144C-075B-48C9-ABD7-5DA2FD8EEB95}.Debug|Any CPU.Build.0 = Debug|Any CPU
		{422A144C-075B-48C9-ABD7-5DA2FD8EEB95}.Release|Any CPU.ActiveCfg = Release|Any CPU
		{422A144C-075B-48C9-ABD7-5DA2FD8EEB95}.Release|Any CPU.Build.0 = Release|Any CPU
	EndGlobalSection
	GlobalSection(SolutionProperties) = preSolution
		HideSolutionNode = FALSE
	EndGlobalSection
	GlobalSection(ExtensibilityGlobals) = postSolution
		SolutionGuid = {6DCF3CC4-52B6-4730-B52B-254A6EDD3D1B}
	EndGlobalSection
EndGlobal
